
Microsoft Visual Studio Solution File, Format Version 12.00
# Visual Studio Version 16
VisualStudioVersion = 16.0.30114.105
MinimumVisualStudioVersion = 10.0.40219.1
Project("{9A19103F-16F7-4668-BE54-9A1E7A4F7556}") = "Sufong2001.Comm", "Sufong2001.Comm\Sufong2001.Comm.csproj", "{923D6A81-CB39-4408-8489-E1575D8EB87A}"
EndProject
Project("{9A19103F-16F7-4668-BE54-9A1E7A4F7556}") = "Sufong2001.Share", "Sufong2001.Share\Sufong2001.Share.csproj", "{32FFE04D-ACBC-48A0-9F00-07F4C3ED869A}"
EndProject
Project("{9A19103F-16F7-4668-BE54-9A1E7A4F7556}") = "Sufong2001.Comm.Tests", "Sufong2001.Comm.Tests\Sufong2001.Comm.Tests.csproj", "{854E444E-F430-4725-90D8-CE554C679389}"
EndProject
Project("{9A19103F-16F7-4668-BE54-9A1E7A4F7556}") = "Sufong2001.Test", "Sufong2001.Test\Sufong2001.Test.csproj", "{58ECB31F-0184-4FC7-9E39-23370AFED3A4}"
EndProject
Project("{9A19103F-16F7-4668-BE54-9A1E7A4F7556}") = "Sufong2001.Share.Tests", "Sufong2001.Share.Tests\Sufong2001.Share.Tests.csproj", "{4174C1BB-0AA2-486B-B359-38A5BA6C2015}"
EndProject
Project("{2150E333-8FDC-42A3-9474-1A3956D46DE8}") = "Doc", "Doc", "{2ACCC80D-460B-4734-A807-B8B248AFC73A}"
	ProjectSection(SolutionItems) = preProject
		README.md = README.md
	EndProjectSection
EndProject
Project("{9A19103F-16F7-4668-BE54-9A1E7A4F7556}") = "Sufong2001.Accounting.Api", "Sufong2001.Accounting.Api\Sufong2001.Accounting.Api.csproj", "{19283622-FFB4-4D5B-9731-3D2207C38224}"
EndProject
Project("{9A19103F-16F7-4668-BE54-9A1E7A4F7556}") = "Sufong2001.Accounting.Xero", "Sufong2001.Accounting.Xero\Sufong2001.Accounting.Xero.csproj", "{C519630D-FD98-44A9-8FF3-6175BB18DD31}"
EndProject
Project("{9A19103F-16F7-4668-BE54-9A1E7A4F7556}") = "Sufong2001.Core", "Sufong2001.Core\Sufong2001.Core.csproj", "{34ED7D04-8D8C-4069-9DC1-A5C634764E5A}"
EndProject
Project("{9A19103F-16F7-4668-BE54-9A1E7A4F7556}") = "Sufong2001.Accounting.Tests", "Sufong2001.Accounting.Tests\Sufong2001.Accounting.Tests.csproj", "{38041E89-9522-4841-A9C3-D8102FCF8E8D}"
EndProject
Global
	GlobalSection(SolutionConfigurationPlatforms) = preSolution
		Debug|Any CPU = Debug|Any CPU
		Release|Any CPU = Release|Any CPU
	EndGlobalSection
	GlobalSection(ProjectConfigurationPlatforms) = postSolution
		{923D6A81-CB39-4408-8489-E1575D8EB87A}.Debug|Any CPU.ActiveCfg = Debug|Any CPU
		{923D6A81-CB39-4408-8489-E1575D8EB87A}.Debug|Any CPU.Build.0 = Debug|Any CPU
		{923D6A81-CB39-4408-8489-E1575D8EB87A}.Release|Any CPU.ActiveCfg = Release|Any CPU
		{923D6A81-CB39-4408-8489-E1575D8EB87A}.Release|Any CPU.Build.0 = Release|Any CPU
		{32FFE04D-ACBC-48A0-9F00-07F4C3ED869A}.Debug|Any CPU.ActiveCfg = Debug|Any CPU
		{32FFE04D-ACBC-48A0-9F00-07F4C3ED869A}.Debug|Any CPU.Build.0 = Debug|Any CPU
		{32FFE04D-ACBC-48A0-9F00-07F4C3ED869A}.Release|Any CPU.ActiveCfg = Release|Any CPU
		{32FFE04D-ACBC-48A0-9F00-07F4C3ED869A}.Release|Any CPU.Build.0 = Release|Any CPU
		{854E444E-F430-4725-90D8-CE554C679389}.Debug|Any CPU.ActiveCfg = Debug|Any CPU
		{854E444E-F430-4725-90D8-CE554C679389}.Debug|Any CPU.Build.0 = Debug|Any CPU
		{854E444E-F430-4725-90D8-CE554C679389}.Release|Any CPU.ActiveCfg = Release|Any CPU
		{854E444E-F430-4725-90D8-CE554C679389}.Release|Any CPU.Build.0 = Release|Any CPU
		{58ECB31F-0184-4FC7-9E39-23370AFED3A4}.Debug|Any CPU.ActiveCfg = Debug|Any CPU
		{58ECB31F-0184-4FC7-9E39-23370AFED3A4}.Debug|Any CPU.Build.0 = Debug|Any CPU
		{58ECB31F-0184-4FC7-9E39-23370AFED3A4}.Release|Any CPU.ActiveCfg = Release|Any CPU
		{58ECB31F-0184-4FC7-9E39-23370AFED3A4}.Release|Any CPU.Build.0 = Release|Any CPU
		{4174C1BB-0AA2-486B-B359-38A5BA6C2015}.Debug|Any CPU.ActiveCfg = Debug|Any CPU
		{4174C1BB-0AA2-486B-B359-38A5BA6C2015}.Debug|Any CPU.Build.0 = Debug|Any CPU
		{4174C1BB-0AA2-486B-B359-38A5BA6C2015}.Release|Any CPU.ActiveCfg = Release|Any CPU
		{4174C1BB-0AA2-486B-B359-38A5BA6C2015}.Release|Any CPU.Build.0 = Release|Any CPU
		{19283622-FFB4-4D5B-9731-3D2207C38224}.Debug|Any CPU.ActiveCfg = Debug|Any CPU
		{19283622-FFB4-4D5B-9731-3D2207C38224}.Debug|Any CPU.Build.0 = Debug|Any CPU
		{19283622-FFB4-4D5B-9731-3D2207C38224}.Release|Any CPU.ActiveCfg = Release|Any CPU
		{19283622-FFB4-4D5B-9731-3D2207C38224}.Release|Any CPU.Build.0 = Release|Any CPU
		{C519630D-FD98-44A9-8FF3-6175BB18DD31}.Debug|Any CPU.ActiveCfg = Debug|Any CPU
		{C519630D-FD98-44A9-8FF3-6175BB18DD31}.Debug|Any CPU.Build.0 = Debug|Any CPU
		{C519630D-FD98-44A9-8FF3-6175BB18DD31}.Release|Any CPU.ActiveCfg = Release|Any CPU
		{C519630D-FD98-44A9-8FF3-6175BB18DD31}.Release|Any CPU.Build.0 = Release|Any CPU
		{34ED7D04-8D8C-4069-9DC1-A5C634764E5A}.Debug|Any CPU.ActiveCfg = Debug|Any CPU
		{34ED7D04-8D8C-4069-9DC1-A5C634764E5A}.Debug|Any CPU.Build.0 = Debug|Any CPU
		{34ED7D04-8D8C-4069-9DC1-A5C634764E5A}.Release|Any CPU.ActiveCfg = Release|Any CPU
		{34ED7D04-8D8C-4069-9DC1-A5C634764E5A}.Release|Any CPU.Build.0 = Release|Any CPU
		{38041E89-9522-4841-A9C3-D8102FCF8E8D}.Debug|Any CPU.ActiveCfg = Debug|Any CPU
		{38041E89-9522-4841-A9C3-D8102FCF8E8D}.Debug|Any CPU.Build.0 = Debug|Any CPU
		{38041E89-9522-4841-A9C3-D8102FCF8E8D}.Release|Any CPU.ActiveCfg = Release|Any CPU
		{38041E89-9522-4841-A9C3-D8102FCF8E8D}.Release|Any CPU.Build.0 = Release|Any CPU
	EndGlobalSection
	GlobalSection(SolutionProperties) = preSolution
		HideSolutionNode = FALSE
	EndGlobalSection
	GlobalSection(ExtensibilityGlobals) = postSolution
		SolutionGuid = {DFDD5755-65C5-4B6B-885E-5F4EB0E1A935}
	EndGlobalSection
EndGlobal
